
Microsoft Visual Studio Solution File, Format Version 12.00
# Visual Studio Version 16
VisualStudioVersion = 16.0.31729.503
MinimumVisualStudioVersion = 10.0.40219.1
Project("{FAE04EC0-301F-11D3-BF4B-00C04F79EFBC}") = "LibraryRenewal", "LibraryRenewal.csproj", "{3B0E6AB6-56DF-4152-8784-3CAA14FFAFEC}"
EndProject
Project("{FAE04EC0-301F-11D3-BF4B-00C04F79EFBC}") = "LibraryRenewal.BLL", "..\LibraryRenewal.BLL\LibraryRenewal.BLL.csproj", "{2DDCFCB3-0DFC-45BB-9C8B-A6C52FCFED63}"
EndProject
Project("{FAE04EC0-301F-11D3-BF4B-00C04F79EFBC}") = "LibraryRenewal.DAL", "..\LibraryRenewal.DAL\LibraryRenewal.DAL.csproj", "{1246840B-2F79-481D-8E78-E283D505C363}"
EndProject
Project("{FAE04EC0-301F-11D3-BF4B-00C04F79EFBC}") = "LibraryRenewal.Common", "..\LibraryRenewal.Common\LibraryRenewal.Common.csproj", "{2FC5141E-5D60-464B-9B3D-25B34A22AAC0}"
EndProject
Project("{FAE04EC0-301F-11D3-BF4B-00C04F79EFBC}") = "TestEf", "..\TestEf\TestEf.csproj", "{79811A92-5E1D-461A-81DB-9579AC671D9D}"
EndProject
Global
	GlobalSection(SolutionConfigurationPlatforms) = preSolution
		Debug|Any CPU = Debug|Any CPU
		Debug|ARM = Debug|ARM
		Debug|ARM64 = Debug|ARM64
		Debug|x64 = Debug|x64
		Debug|x86 = Debug|x86
		Release|Any CPU = Release|Any CPU
		Release|ARM = Release|ARM
		Release|ARM64 = Release|ARM64
		Release|x64 = Release|x64
		Release|x86 = Release|x86
	EndGlobalSection
	GlobalSection(ProjectConfigurationPlatforms) = postSolution
		{3B0E6AB6-56DF-4152-8784-3CAA14FFAFEC}.Debug|Any CPU.ActiveCfg = Debug|x86
		{3B0E6AB6-56DF-4152-8784-3CAA14FFAFEC}.Debug|ARM.ActiveCfg = Debug|ARM
		{3B0E6AB6-56DF-4152-8784-3CAA14FFAFEC}.Debug|ARM.Build.0 = Debug|ARM
		{3B0E6AB6-56DF-4152-8784-3CAA14FFAFEC}.Debug|ARM.Deploy.0 = Debug|ARM
		{3B0E6AB6-56DF-4152-8784-3CAA14FFAFEC}.Debug|ARM64.ActiveCfg = Debug|ARM64
		{3B0E6AB6-56DF-4152-8784-3CAA14FFAFEC}.Debug|ARM64.Build.0 = Debug|ARM64
		{3B0E6AB6-56DF-4152-8784-3CAA14FFAFEC}.Debug|ARM64.Deploy.0 = Debug|ARM64
		{3B0E6AB6-56DF-4152-8784-3CAA14FFAFEC}.Debug|x64.ActiveCfg = Debug|x64
		{3B0E6AB6-56DF-4152-8784-3CAA14FFAFEC}.Debug|x64.Build.0 = Debug|x64
		{3B0E6AB6-56DF-4152-8784-3CAA14FFAFEC}.Debug|x64.Deploy.0 = Debug|x64
		{3B0E6AB6-56DF-4152-8784-3CAA14FFAFEC}.Debug|x86.ActiveCfg = Debug|x86
		{3B0E6AB6-56DF-4152-8784-3CAA14FFAFEC}.Debug|x86.Build.0 = Debug|x86
		{3B0E6AB6-56DF-4152-8784-3CAA14FFAFEC}.Debug|x86.Deploy.0 = Debug|x86
		{3B0E6AB6-56DF-4152-8784-3CAA14FFAFEC}.Release|Any CPU.ActiveCfg = Release|x86
		{3B0E6AB6-56DF-4152-8784-3CAA14FFAFEC}.Release|ARM.ActiveCfg = Release|ARM
		{3B0E6AB6-56DF-4152-8784-3CAA14FFAFEC}.Release|ARM.Build.0 = Release|ARM
		{3B0E6AB6-56DF-4152-8784-3CAA14FFAFEC}.Release|ARM.Deploy.0 = Release|ARM
		{3B0E6AB6-56DF-4152-8784-3CAA14FFAFEC}.Release|ARM64.ActiveCfg = Release|ARM64
		{3B0E6AB6-56DF-4152-8784-3CAA14FFAFEC}.Release|ARM64.Build.0 = Release|ARM64
		{3B0E6AB6-56DF-4152-8784-3CAA14FFAFEC}.Release|ARM64.Deploy.0 = Release|ARM64
		{3B0E6AB6-56DF-4152-8784-3CAA14FFAFEC}.Release|x64.ActiveCfg = Release|x64
		{3B0E6AB6-56DF-4152-8784-3CAA14FFAFEC}.Release|x64.Build.0 = Release|x64
		{3B0E6AB6-56DF-4152-8784-3CAA14FFAFEC}.Release|x64.Deploy.0 = Release|x64
		{3B0E6AB6-56DF-4152-8784-3CAA14FFAFEC}.Release|x86.ActiveCfg = Release|x86
		{3B0E6AB6-56DF-4152-8784-3CAA14FFAFEC}.Release|x86.Build.0 = Release|x86
		{3B0E6AB6-56DF-4152-8784-3CAA14FFAFEC}.Release|x86.Deploy.0 = Release|x86
		{2DDCFCB3-0DFC-45BB-9C8B-A6C52FCFED63}.Debug|Any CPU.ActiveCfg = Debug|Any CPU
		{2DDCFCB3-0DFC-45BB-9C8B-A6C52FCFED63}.Debug|Any CPU.Build.0 = Debug|Any CPU
		{2DDCFCB3-0DFC-45BB-9C8B-A6C52FCFED63}.Debug|ARM.ActiveCfg = Debug|ARM
		{2DDCFCB3-0DFC-45BB-9C8B-A6C52FCFED63}.Debug|ARM.Build.0 = Debug|ARM
		{2DDCFCB3-0DFC-45BB-9C8B-A6C52FCFED63}.Debug|ARM64.ActiveCfg = Debug|ARM64
		{2DDCFCB3-0DFC-45BB-9C8B-A6C52FCFED63}.Debug|ARM64.Build.0 = Debug|ARM64
		{2DDCFCB3-0DFC-45BB-9C8B-A6C52FCFED63}.Debug|x64.ActiveCfg = Debug|x64
		{2DDCFCB3-0DFC-45BB-9C8B-A6C52FCFED63}.Debug|x64.Build.0 = Debug|x64
		{2DDCFCB3-0DFC-45BB-9C8B-A6C52FCFED63}.Debug|x86.ActiveCfg = Debug|x86
		{2DDCFCB3-0DFC-45BB-9C8B-A6C52FCFED63}.Debug|x86.Build.0 = Debug|x86
		{2DDCFCB3-0DFC-45BB-9C8B-A6C52FCFED63}.Release|Any CPU.ActiveCfg = Release|Any CPU
		{2DDCFCB3-0DFC-45BB-9C8B-A6C52FCFED63}.Release|Any CPU.Build.0 = Release|Any CPU
		{2DDCFCB3-0DFC-45BB-9C8B-A6C52FCFED63}.Release|ARM.ActiveCfg = Release|ARM
		{2DDCFCB3-0DFC-45BB-9C8B-A6C52FCFED63}.Release|ARM.Build.0 = Release|ARM
		{2DDCFCB3-0DFC-45BB-9C8B-A6C52FCFED63}.Release|ARM64.ActiveCfg = Release|ARM64
		{2DDCFCB3-0DFC-45BB-9C8B-A6C52FCFED63}.Release|ARM64.Build.0 = Release|ARM64
		{2DDCFCB3-0DFC-45BB-9C8B-A6C52FCFED63}.Release|x64.ActiveCfg = Release|x64
		{2DDCFCB3-0DFC-45BB-9C8B-A6C52FCFED63}.Release|x64.Build.0 = Release|x64
		{2DDCFCB3-0DFC-45BB-9C8B-A6C52FCFED63}.Release|x86.ActiveCfg = Release|x86
		{2DDCFCB3-0DFC-45BB-9C8B-A6C52FCFED63}.Release|x86.Build.0 = Release|x86
		{1246840B-2F79-481D-8E78-E283D505C363}.Debug|Any CPU.ActiveCfg = Debug|Any CPU
		{1246840B-2F79-481D-8E78-E283D505C363}.Debug|Any CPU.Build.0 = Debug|Any CPU
		{1246840B-2F79-481D-8E78-E283D505C363}.Debug|ARM.ActiveCfg = Debug|Any CPU
		{1246840B-2F79-481D-8E78-E283D505C363}.Debug|ARM.Build.0 = Debug|Any CPU
		{1246840B-2F79-481D-8E78-E283D505C363}.Debug|ARM64.ActiveCfg = Debug|Any CPU
		{1246840B-2F79-481D-8E78-E283D505C363}.Debug|ARM64.Build.0 = Debug|Any CPU
		{1246840B-2F79-481D-8E78-E283D505C363}.Debug|x64.ActiveCfg = Debug|Any CPU
		{1246840B-2F79-481D-8E78-E283D505C363}.Debug|x64.Build.0 = Debug|Any CPU
		{1246840B-2F79-481D-8E78-E283D505C363}.Debug|x86.ActiveCfg = Debug|Any CPU
		{1246840B-2F79-481D-8E78-E283D505C363}.Debug|x86.Build.0 = Debug|Any CPU
		{1246840B-2F79-481D-8E78-E283D505C363}.Release|Any CPU.ActiveCfg = Release|Any CPU
		{1246840B-2F79-481D-8E78-E283D505C363}.Release|Any CPU.Build.0 = Release|Any CPU
		{1246840B-2F79-481D-8E78-E283D505C363}.Release|ARM.ActiveCfg = Release|Any CPU
		{1246840B-2F79-481D-8E78-E283D505C363}.Release|ARM.Build.0 = Release|Any CPU
		{1246840B-2F79-481D-8E78-E283D505C363}.Release|ARM64.ActiveCfg = Release|Any CPU
		{1246840B-2F79-481D-8E78-E283D505C363}.Release|ARM64.Build.0 = Release|Any CPU
		{1246840B-2F79-481D-8E78-E283D505C363}.Release|x64.ActiveCfg = Release|Any CPU
		{1246840B-2F79-481D-8E78-E283D505C363}.Release|x64.Build.0 = Release|Any CPU
		{1246840B-2F79-481D-8E78-E283D505C363}.Release|x86.ActiveCfg = Release|Any CPU
		{1246840B-2F79-481D-8E78-E283D505C363}.Release|x86.Build.0 = Release|Any CPU
		{2FC5141E-5D60-464B-9B3D-25B34A22AAC0}.Debug|Any CPU.ActiveCfg = Debug|Any CPU
		{2FC5141E-5D60-464B-9B3D-25B34A22AAC0}.Debug|Any CPU.Build.0 = Debug|Any CPU
		{2FC5141E-5D60-464B-9B3D-25B34A22AAC0}.Debug|ARM.ActiveCfg = Debug|Any CPU
		{2FC5141E-5D60-464B-9B3D-25B34A22AAC0}.Debug|ARM.Build.0 = Debug|Any CPU
		{2FC5141E-5D60-464B-9B3D-25B34A22AAC0}.Debug|ARM64.ActiveCfg = Debug|Any CPU
		{2FC5141E-5D60-464B-9B3D-25B34A22AAC0}.Debug|ARM64.Build.0 = Debug|Any CPU
		{2FC5141E-5D60-464B-9B3D-25B34A22AAC0}.Debug|x64.ActiveCfg = Debug|Any CPU
		{2FC5141E-5D60-464B-9B3D-25B34A22AAC0}.Debug|x64.Build.0 = Debug|Any CPU
		{2FC5141E-5D60-464B-9B3D-25B34A22AAC0}.Debug|x86.ActiveCfg = Debug|Any CPU
		{2FC5141E-5D60-464B-9B3D-25B34A22AAC0}.Debug|x86.Build.0 = Debug|Any CPU
		{2FC5141E-5D60-464B-9B3D-25B34A22AAC0}.Release|Any CPU.ActiveCfg = Release|Any CPU
		{2FC5141E-5D60-464B-9B3D-25B34A22AAC0}.Release|Any CPU.Build.0 = Release|Any CPU
		{2FC5141E-5D60-464B-9B3D-25B34A22AAC0}.Release|ARM.ActiveCfg = Release|Any CPU
		{2FC5141E-5D60-464B-9B3D-25B34A22AAC0}.Release|ARM.Build.0 = Release|Any CPU
		{2FC5141E-5D60-464B-9B3D-25B34A22AAC0}.Release|ARM64.ActiveCfg = Release|Any CPU
		{2FC5141E-5D60-464B-9B3D-25B34A22AAC0}.Release|ARM64.Build.0 = Release|Any CPU
		{2FC5141E-5D60-464B-9B3D-25B34A22AAC0}.Release|x64.ActiveCfg = Release|Any CPU
		{2FC5141E-5D60-464B-9B3D-25B34A22AAC0}.Release|x64.Build.0 = Release|Any CPU
		{2FC5141E-5D60-464B-9B3D-25B34A22AAC0}.Release|x86.ActiveCfg = Release|Any CPU
		{2FC5141E-5D60-464B-9B3D-25B34A22AAC0}.Release|x86.Build.0 = Release|Any CPU
		{79811A92-5E1D-461A-81DB-9579AC671D9D}.Debug|Any CPU.ActiveCfg = Debug|Any CPU
		{79811A92-5E1D-461A-81DB-9579AC671D9D}.Debug|Any CPU.Build.0 = Debug|Any CPU
		{79811A92-5E1D-461A-81DB-9579AC671D9D}.Debug|ARM.ActiveCfg = Debug|Any CPU
		{79811A92-5E1D-461A-81DB-9579AC671D9D}.Debug|ARM.Build.0 = Debug|Any CPU
		{79811A92-5E1D-461A-81DB-9579AC671D9D}.Debug|ARM64.ActiveCfg = Debug|Any CPU
		{79811A92-5E1D-461A-81DB-9579AC671D9D}.Debug|ARM64.Build.0 = Debug|Any CPU
		{79811A92-5E1D-461A-81DB-9579AC671D9D}.Debug|x64.ActiveCfg = Debug|Any CPU
		{79811A92-5E1D-461A-81DB-9579AC671D9D}.Debug|x64.Build.0 = Debug|Any CPU
		{79811A92-5E1D-461A-81DB-9579AC671D9D}.Debug|x86.ActiveCfg = Debug|Any CPU
		{79811A92-5E1D-461A-81DB-9579AC671D9D}.Debug|x86.Build.0 = Debug|Any CPU
		{79811A92-5E1D-461A-81DB-9579AC671D9D}.Release|Any CPU.ActiveCfg = Release|Any CPU
		{79811A92-5E1D-461A-81DB-9579AC671D9D}.Release|Any CPU.Build.0 = Release|Any CPU
		{79811A92-5E1D-461A-81DB-9579AC671D9D}.Release|ARM.ActiveCfg = Release|Any CPU
		{79811A92-5E1D-461A-81DB-9579AC671D9D}.Release|ARM.Build.0 = Release|Any CPU
		{79811A92-5E1D-461A-81DB-9579AC671D9D}.Release|ARM64.ActiveCfg = Release|Any CPU
		{79811A92-5E1D-461A-81DB-9579AC671D9D}.Release|ARM64.Build.0 = Release|Any CPU
		{79811A92-5E1D-461A-81DB-9579AC671D9D}.Release|x64.ActiveCfg = Release|Any CPU
		{79811A92-5E1D-461A-81DB-9579AC671D9D}.Release|x64.Build.0 = Release|Any CPU
		{79811A92-5E1D-461A-81DB-9579AC671D9D}.Release|x86.ActiveCfg = Release|Any CPU
		{79811A92-5E1D-461A-81DB-9579AC671D9D}.Release|x86.Build.0 = Release|Any CPU
	EndGlobalSection
	GlobalSection(SolutionProperties) = preSolution
		HideSolutionNode = FALSE
	EndGlobalSection
	GlobalSection(ExtensibilityGlobals) = postSolution
		SolutionGuid = {9E7819A0-3F32-42C1-8386-AFED238B210C}
	EndGlobalSection
EndGlobal
